
Microsoft Visual Studio Solution File, Format Version 12.00
# Visual Studio Version 17
VisualStudioVersion = 17.4.33103.184
MinimumVisualStudioVersion = 10.0.40219.1
Project("{FAE04EC0-301F-11D3-BF4B-00C04F79EFBC}") = "shoppingAPI", "shoppingAPI\shoppingAPI.csproj", "{23CC97FF-77A1-4FF5-B0E4-181D64FECD97}"
EndProject
Global
	GlobalSection(SolutionConfigurationPlatforms) = preSolution
		Debug|Any CPU = Debug|Any CPU
		Release|Any CPU = Release|Any CPU
	EndGlobalSection
	GlobalSection(ProjectConfigurationPlatforms) = postSolution
		{23CC97FF-77A1-4FF5-B0E4-181D64FECD97}.Debug|Any CPU.ActiveCfg = Debug|Any CPU
		{23CC97FF-77A1-4FF5-B0E4-181D64FECD97}.Debug|Any CPU.Build.0 = Debug|Any CPU
		{23CC97FF-77A1-4FF5-B0E4-181D64FECD97}.Release|Any CPU.ActiveCfg = Release|Any CPU
		{23CC97FF-77A1-4FF5-B0E4-181D64FECD97}.Release|Any CPU.Build.0 = Release|Any CPU
	EndGlobalSection
	GlobalSection(SolutionProperties) = preSolution
		HideSolutionNode = FALSE
	EndGlobalSection
	GlobalSection(ExtensibilityGlobals) = postSolution
		SolutionGuid = {B15C4876-D47A-4290-92B2-55F0A2A7D7E4}
	EndGlobalSection
EndGlobal
