
Microsoft Visual Studio Solution File, Format Version 12.00
# Visual Studio Version 17
VisualStudioVersion = 17.4.33103.184
MinimumVisualStudioVersion = 10.0.40219.1
Project("{FAE04EC0-301F-11D3-BF4B-00C04F79EFBC}") = "webapiCall_HttpClient", "webapiCall_HttpClient\webapiCall_HttpClient.csproj", "{12C0431B-519E-4350-BFA6-C749C26BBB59}"
EndProject
Global
	GlobalSection(SolutionConfigurationPlatforms) = preSolution
		Debug|Any CPU = Debug|Any CPU
		Release|Any CPU = Release|Any CPU
	EndGlobalSection
	GlobalSection(ProjectConfigurationPlatforms) = postSolution
		{12C0431B-519E-4350-BFA6-C749C26BBB59}.Debug|Any CPU.ActiveCfg = Debug|Any CPU
		{12C0431B-519E-4350-BFA6-C749C26BBB59}.Debug|Any CPU.Build.0 = Debug|Any CPU
		{12C0431B-519E-4350-BFA6-C749C26BBB59}.Release|Any CPU.ActiveCfg = Release|Any CPU
		{12C0431B-519E-4350-BFA6-C749C26BBB59}.Release|Any CPU.Build.0 = Release|Any CPU
	EndGlobalSection
	GlobalSection(SolutionProperties) = preSolution
		HideSolutionNode = FALSE
	EndGlobalSection
	GlobalSection(ExtensibilityGlobals) = postSolution
		SolutionGuid = {E14F3415-6101-4E61-832B-25B4BEDD1D09}
	EndGlobalSection
EndGlobal
