
Microsoft Visual Studio Solution File, Format Version 12.00
# Visual Studio Version 17
VisualStudioVersion = 17.4.33103.184
MinimumVisualStudioVersion = 10.0.40219.1
Project("{FAE04EC0-301F-11D3-BF4B-00C04F79EFBC}") = "employeeManagementAPI", "employeeManagementAPI\employeeManagementAPI.csproj", "{DC352F24-2AE1-4DF2-BAAC-8B4D6400AAA7}"
EndProject
Global
	GlobalSection(SolutionConfigurationPlatforms) = preSolution
		Debug|Any CPU = Debug|Any CPU
		Release|Any CPU = Release|Any CPU
	EndGlobalSection
	GlobalSection(ProjectConfigurationPlatforms) = postSolution
		{DC352F24-2AE1-4DF2-BAAC-8B4D6400AAA7}.Debug|Any CPU.ActiveCfg = Debug|Any CPU
		{DC352F24-2AE1-4DF2-BAAC-8B4D6400AAA7}.Debug|Any CPU.Build.0 = Debug|Any CPU
		{DC352F24-2AE1-4DF2-BAAC-8B4D6400AAA7}.Release|Any CPU.ActiveCfg = Release|Any CPU
		{DC352F24-2AE1-4DF2-BAAC-8B4D6400AAA7}.Release|Any CPU.Build.0 = Release|Any CPU
	EndGlobalSection
	GlobalSection(SolutionProperties) = preSolution
		HideSolutionNode = FALSE
	EndGlobalSection
	GlobalSection(ExtensibilityGlobals) = postSolution
		SolutionGuid = {0E040BC6-4A91-4EAF-868C-1BC2858FA1D8}
	EndGlobalSection
EndGlobal
